# THIS IS AN AUTOGENERATED FILE. DO NOT EDIT THIS FILE DIRECTLY.
# yarn lockfile v1


"@polymer/iron-flex-layout@^3.0.0-pre.18":
  version "3.0.1"
  resolved "https://registry.yarnpkg.com/@polymer/iron-flex-layout/-/iron-flex-layout-3.0.1.tgz#36f9e1a8eb792d279b2bc75d362628721ad37f0c"
  integrity sha512-7gB869czArF+HZcPTVSgvA7tXYFze9EKckvM95NB7SqYF+NnsQyhoXgKnpFwGyo95lUjUW9TFDLUwDXnCYFtkw==
  dependencies:
    "@polymer/polymer" "^3.0.0"

"@polymer/iron-image@^3.0.0-pre.18":
  version "3.0.2"
  resolved "https://registry.yarnpkg.com/@polymer/iron-image/-/iron-image-3.0.2.tgz#425ee6269634e024dbea726a91a61724ae4402b6"
  integrity sha512-VyYtnewGozDb5sUeoLR1OvKzlt5WAL6b8Od7fPpio5oYL+9t061/nTV8+ZMrpMgF2WgB0zqM/3K53o3pbK5v8Q==
  dependencies:
    "@polymer/polymer" "^3.0.0"

"@polymer/polymer@^3.0.0":
  version "3.5.1"
  resolved "https://registry.yarnpkg.com/@polymer/polymer/-/polymer-3.5.1.tgz#4b5234e43b8876441022bcb91313ab3c4a29f0c8"
  integrity sha512-JlAHuy+1qIC6hL1ojEUfIVD58fzTpJAoCxFwV5yr0mYTXV1H8bz5zy0+rC963Cgr9iNXQ4T9ncSjC2fkF9BQfw==
  dependencies:
    "@webcomponents/shadycss" "^1.9.1"

"@webcomponents/shadycss@^1.9.1":
  version "1.11.1"
  resolved "https://registry.yarnpkg.com/@webcomponents/shadycss/-/shadycss-1.11.1.tgz#add19d5e0db4a014e143d2278921347dcd8f0a55"
  integrity sha512-qSok/oMynEgS99wFY5fKT6cR1y64i01RkHGYOspkh2JQsLSM8pjciER+gu3fqTx589y/7LoSuyB5G9Rh7dyXaQ==

flag-icon@^2.5.0:
  version "2.5.0"
  resolved "https://registry.yarnpkg.com/flag-icon/-/flag-icon-2.5.0.tgz#d5d8e8abe262954dc71ea8a55b5df671c564bf7f"
  integrity sha512-Mit72vPzyhgJ6/KjT0Bzm77Ca4ol4WjpYOzQffqrPERNy+np4j2CCPvWKsmPbM8gL1DjKejnKlDErJ8uzGBLRQ==
  dependencies:
    "@polymer/iron-flex-layout" "^3.0.0-pre.18"
    "@polymer/iron-image" "^3.0.0-pre.18"
    "@polymer/polymer" "^3.0.0"
